// !$*UTF8*$!
{
	archiveVersion = 1;
	classes = {
	};
	objectVersion = 46;
	objects = {

/* Begin PBXBuildFile section */
		53E62B151604441B0008143C /* hangman0.png in Resources */ = {isa = PBXBuildFile; fileRef = 53E62B051604441A0008143C /* hangman0.png */; };
		53E62B161604441B0008143C /* hangman0@2x.png in Resources */ = {isa = PBXBuildFile; fileRef = 53E62B061604441A0008143C /* hangman0@2x.png */; };
		53E62B171604441B0008143C /* hangman1.png in Resources */ = {isa = PBXBuildFile; fileRef = 53E62B071604441A0008143C /* hangman1.png */; };
		53E62B181604441B0008143C /* hangman1@2x.png in Resources */ = {isa = PBXBuildFile; fileRef = 53E62B081604441A0008143C /* hangman1@2x.png */; };
		53E62B191604441B0008143C /* hangman2.png in Resources */ = {isa = PBXBuildFile; fileRef = 53E62B091604441A0008143C /* hangman2.png */; };
		53E62B1A1604441B0008143C /* hangman2@2x.png in Resources */ = {isa = PBXBuildFile; fileRef = 53E62B0A1604441A0008143C /* hangman2@2x.png */; };
		53E62B1B1604441B0008143C /* hangman3.png in Resources */ = {isa = PBXBuildFile; fileRef = 53E62B0B1604441A0008143C /* hangman3.png */; };
		53E62B1C1604441B0008143C /* hangman3@2x.png in Resources */ = {isa = PBXBuildFile; fileRef = 53E62B0C1604441B0008143C /* hangman3@2x.png */; };
		53E62B1D1604441B0008143C /* hangman4.png in Resources */ = {isa = PBXBuildFile; fileRef = 53E62B0D1604441B0008143C /* hangman4.png */; };
		53E62B1E1604441B0008143C /* hangman4@2x.png in Resources */ = {isa = PBXBuildFile; fileRef = 53E62B0E1604441B0008143C /* hangman4@2x.png */; };
		53E62B1F1604441B0008143C /* hangman5.png in Resources */ = {isa = PBXBuildFile; fileRef = 53E62B0F1604441B0008143C /* hangman5.png */; };
		53E62B201604441B0008143C /* hangman5@2x.png in Resources */ = {isa = PBXBuildFile; fileRef = 53E62B101604441B0008143C /* hangman5@2x.png */; };
		53E62B211604441B0008143C /* hangman6.png in Resources */ = {isa = PBXBuildFile; fileRef = 53E62B111604441B0008143C /* hangman6.png */; };
		53E62B221604441B0008143C /* hangman6@2x.png in Resources */ = {isa = PBXBuildFile; fileRef = 53E62B121604441B0008143C /* hangman6@2x.png */; };
		53E62B231604441B0008143C /* hangman7.png in Resources */ = {isa = PBXBuildFile; fileRef = 53E62B131604441B0008143C /* hangman7.png */; };
		53E62B241604441B0008143C /* hangman7@2x.png in Resources */ = {isa = PBXBuildFile; fileRef = 53E62B141604441B0008143C /* hangman7@2x.png */; };
		53E62B28160447070008143C /* redo@2x.png in Resources */ = {isa = PBXBuildFile; fileRef = 53E62B26160447070008143C /* redo@2x.png */; };
		53E62B29160447070008143C /* redo.png in Resources */ = {isa = PBXBuildFile; fileRef = 53E62B27160447070008143C /* redo.png */; };
		53E62B2C16044EA00008143C /* winner@2x.png in Resources */ = {isa = PBXBuildFile; fileRef = 53E62B2A16044E9F0008143C /* winner@2x.png */; };
		53E62B2D16044EA00008143C /* winner.png in Resources */ = {isa = PBXBuildFile; fileRef = 53E62B2B16044EA00008143C /* winner.png */; };
		53E62B3016045A6D0008143C /* Default.png in Resources */ = {isa = PBXBuildFile; fileRef = 53E62B2E16045A6D0008143C /* Default.png */; };
		53E62B3116045A6D0008143C /* Default@2x.png in Resources */ = {isa = PBXBuildFile; fileRef = 53E62B2F16045A6D0008143C /* Default@2x.png */; };
		53E62B3A160463370008143C /* Icon-Small-50@2x.png in Resources */ = {isa = PBXBuildFile; fileRef = 53E62B32160463360008143C /* Icon-Small-50@2x.png */; };
		53E62B3B160463370008143C /* Icon-Small@2x.png in Resources */ = {isa = PBXBuildFile; fileRef = 53E62B33160463360008143C /* Icon-Small@2x.png */; };
		53E62B3C160463370008143C /* Icon-Small.png in Resources */ = {isa = PBXBuildFile; fileRef = 53E62B34160463360008143C /* Icon-Small.png */; };
		53E62B3D160463370008143C /* Icon-Small-50.png in Resources */ = {isa = PBXBuildFile; fileRef = 53E62B35160463360008143C /* Icon-Small-50.png */; };
		53E62B3E160463370008143C /* Icon.png in Resources */ = {isa = PBXBuildFile; fileRef = 53E62B36160463370008143C /* Icon.png */; };
		53E62B3F160463370008143C /* Icon-72.png in Resources */ = {isa = PBXBuildFile; fileRef = 53E62B37160463370008143C /* Icon-72.png */; };
		53E62B40160463370008143C /* Icon@2x.png in Resources */ = {isa = PBXBuildFile; fileRef = 53E62B38160463370008143C /* Icon@2x.png */; };
		53E62B41160463370008143C /* Icon-72@2x.png in Resources */ = {isa = PBXBuildFile; fileRef = 53E62B39160463370008143C /* Icon-72@2x.png */; };
		CB6B7B15157D339300509839 /* HangManMind.m in Sources */ = {isa = PBXBuildFile; fileRef = CB6B7B14157D339300509839 /* HangManMind.m */; };
		CB6B7B1D157D4A3B00509839 /* wordlist.json in Resources */ = {isa = PBXBuildFile; fileRef = CB6B7B1C157D4A3B00509839 /* wordlist.json */; };
		CBB0D488157CBC9A009C5C86 /* UIKit.framework in Frameworks */ = {isa = PBXBuildFile; fileRef = CBB0D487157CBC9A009C5C86 /* UIKit.framework */; };
		CBB0D48A157CBC9A009C5C86 /* Foundation.framework in Frameworks */ = {isa = PBXBuildFile; fileRef = CBB0D489157CBC9A009C5C86 /* Foundation.framework */; };
		CBB0D48C157CBC9A009C5C86 /* CoreGraphics.framework in Frameworks */ = {isa = PBXBuildFile; fileRef = CBB0D48B157CBC9A009C5C86 /* CoreGraphics.framework */; };
		CBB0D492157CBC9A009C5C86 /* InfoPlist.strings in Resources */ = {isa = PBXBuildFile; fileRef = CBB0D490157CBC9A009C5C86 /* InfoPlist.strings */; };
		CBB0D494157CBC9A009C5C86 /* main.m in Sources */ = {isa = PBXBuildFile; fileRef = CBB0D493157CBC9A009C5C86 /* main.m */; };
		CBB0D498157CBC9A009C5C86 /* HangManAppDelegate.m in Sources */ = {isa = PBXBuildFile; fileRef = CBB0D497157CBC9A009C5C86 /* HangManAppDelegate.m */; };
		CBB0D49B157CBC9A009C5C86 /* MainStoryboard.storyboard in Resources */ = {isa = PBXBuildFile; fileRef = CBB0D499157CBC9A009C5C86 /* MainStoryboard.storyboard */; };
		CBB0D49E157CBC9A009C5C86 /* HangManViewController.m in Sources */ = {isa = PBXBuildFile; fileRef = CBB0D49D157CBC9A009C5C86 /* HangManViewController.m */; };
/* End PBXBuildFile section */

/* Begin PBXFileReference section */
		53E62B051604441A0008143C /* hangman0.png */ = {isa = PBXFileReference; lastKnownFileType = image.png; path = hangman0.png; sourceTree = "<group>"; };
		53E62B061604441A0008143C /* hangman0@2x.png */ = {isa = PBXFileReference; lastKnownFileType = image.png; path = "hangman0@2x.png"; sourceTree = "<group>"; };
		53E62B071604441A0008143C /* hangman1.png */ = {isa = PBXFileReference; lastKnownFileType = image.png; path = hangman1.png; sourceTree = "<group>"; };
		53E62B081604441A0008143C /* hangman1@2x.png */ = {isa = PBXFileReference; lastKnownFileType = image.png; path = "hangman1@2x.png"; sourceTree = "<group>"; };
		53E62B091604441A0008143C /* hangman2.png */ = {isa = PBXFileReference; lastKnownFileType = image.png; path = hangman2.png; sourceTree = "<group>"; };
		53E62B0A1604441A0008143C /* hangman2@2x.png */ = {isa = PBXFileReference; lastKnownFileType = image.png; path = "hangman2@2x.png"; sourceTree = "<group>"; };
		53E62B0B1604441A0008143C /* hangman3.png */ = {isa = PBXFileReference; lastKnownFileType = image.png; path = hangman3.png; sourceTree = "<group>"; };
		53E62B0C1604441B0008143C /* hangman3@2x.png */ = {isa = PBXFileReference; lastKnownFileType = image.png; path = "hangman3@2x.png"; sourceTree = "<group>"; };
		53E62B0D1604441B0008143C /* hangman4.png */ = {isa = PBXFileReference; lastKnownFileType = image.png; path = hangman4.png; sourceTree = "<group>"; };
		53E62B0E1604441B0008143C /* hangman4@2x.png */ = {isa = PBXFileReference; lastKnownFileType = image.png; path = "hangman4@2x.png"; sourceTree = "<group>"; };
		53E62B0F1604441B0008143C /* hangman5.png */ = {isa = PBXFileReference; lastKnownFileType = image.png; path = hangman5.png; sourceTree = "<group>"; };
		53E62B101604441B0008143C /* hangman5@2x.png */ = {isa = PBXFileReference; lastKnownFileType = image.png; path = "hangman5@2x.png"; sourceTree = "<group>"; };
		53E62B111604441B0008143C /* hangman6.png */ = {isa = PBXFileReference; lastKnownFileType = image.png; path = hangman6.png; sourceTree = "<group>"; };
		53E62B121604441B0008143C /* hangman6@2x.png */ = {isa = PBXFileReference; lastKnownFileType = image.png; path = "hangman6@2x.png"; sourceTree = "<group>"; };
		53E62B131604441B0008143C /* hangman7.png */ = {isa = PBXFileReference; lastKnownFileType = image.png; path = hangman7.png; sourceTree = "<group>"; };
		53E62B141604441B0008143C /* hangman7@2x.png */ = {isa = PBXFileReference; lastKnownFileType = image.png; path = "hangman7@2x.png"; sourceTree = "<group>"; };
		53E62B26160447070008143C /* redo@2x.png */ = {isa = PBXFileReference; lastKnownFileType = image.png; path = "redo@2x.png"; sourceTree = "<group>"; };
		53E62B27160447070008143C /* redo.png */ = {isa = PBXFileReference; lastKnownFileType = image.png; path = redo.png; sourceTree = "<group>"; };
		53E62B2A16044E9F0008143C /* winner@2x.png */ = {isa = PBXFileReference; lastKnownFileType = image.png; path = "winner@2x.png"; sourceTree = "<group>"; };
		53E62B2B16044EA00008143C /* winner.png */ = {isa = PBXFileReference; lastKnownFileType = image.png; path = winner.png; sourceTree = "<group>"; };
		53E62B2E16045A6D0008143C /* Default.png */ = {isa = PBXFileReference; lastKnownFileType = image.png; path = Default.png; sourceTree = "<group>"; };
		53E62B2F16045A6D0008143C /* Default@2x.png */ = {isa = PBXFileReference; lastKnownFileType = image.png; path = "Default@2x.png"; sourceTree = "<group>"; };
		53E62B32160463360008143C /* Icon-Small-50@2x.png */ = {isa = PBXFileReference; lastKnownFileType = image.png; path = "Icon-Small-50@2x.png"; sourceTree = "<group>"; };
		53E62B33160463360008143C /* Icon-Small@2x.png */ = {isa = PBXFileReference; lastKnownFileType = image.png; path = "Icon-Small@2x.png"; sourceTree = "<group>"; };
		53E62B34160463360008143C /* Icon-Small.png */ = {isa = PBXFileReference; lastKnownFileType = image.png; path = "Icon-Small.png"; sourceTree = "<group>"; };
		53E62B35160463360008143C /* Icon-Small-50.png */ = {isa = PBXFileReference; lastKnownFileType = image.png; path = "Icon-Small-50.png"; sourceTree = "<group>"; };
		53E62B36160463370008143C /* Icon.png */ = {isa = PBXFileReference; lastKnownFileType = image.png; path = Icon.png; sourceTree = "<group>"; };
		53E62B37160463370008143C /* Icon-72.png */ = {isa = PBXFileReference; lastKnownFileType = image.png; path = "Icon-72.png"; sourceTree = "<group>"; };
		53E62B38160463370008143C /* Icon@2x.png */ = {isa = PBXFileReference; lastKnownFileType = image.png; path = "Icon@2x.png"; sourceTree = "<group>"; };
		53E62B39160463370008143C /* Icon-72@2x.png */ = {isa = PBXFileReference; lastKnownFileType = image.png; path = "Icon-72@2x.png"; sourceTree = "<group>"; };
		CB6B7B13157D339300509839 /* HangManMind.h */ = {isa = PBXFileReference; fileEncoding = 4; lastKnownFileType = sourcecode.c.h; path = HangManMind.h; sourceTree = "<group>"; };
		CB6B7B14157D339300509839 /* HangManMind.m */ = {isa = PBXFileReference; fileEncoding = 4; lastKnownFileType = sourcecode.c.objc; path = HangManMind.m; sourceTree = "<group>"; };
		CB6B7B1C157D4A3B00509839 /* wordlist.json */ = {isa = PBXFileReference; fileEncoding = 4; lastKnownFileType = text.json; path = wordlist.json; sourceTree = "<group>"; };
		CBB0D483157CBC9A009C5C86 /* HangMan.app */ = {isa = PBXFileReference; explicitFileType = wrapper.application; includeInIndex = 0; path = HangMan.app; sourceTree = BUILT_PRODUCTS_DIR; };
		CBB0D487157CBC9A009C5C86 /* UIKit.framework */ = {isa = PBXFileReference; lastKnownFileType = wrapper.framework; name = UIKit.framework; path = System/Library/Frameworks/UIKit.framework; sourceTree = SDKROOT; };
		CBB0D489157CBC9A009C5C86 /* Foundation.framework */ = {isa = PBXFileReference; lastKnownFileType = wrapper.framework; name = Foundation.framework; path = System/Library/Frameworks/Foundation.framework; sourceTree = SDKROOT; };
		CBB0D48B157CBC9A009C5C86 /* CoreGraphics.framework */ = {isa = PBXFileReference; lastKnownFileType = wrapper.framework; name = CoreGraphics.framework; path = System/Library/Frameworks/CoreGraphics.framework; sourceTree = SDKROOT; };
		CBB0D48F157CBC9A009C5C86 /* HangMan-Info.plist */ = {isa = PBXFileReference; lastKnownFileType = text.plist.xml; path = "HangMan-Info.plist"; sourceTree = "<group>"; };
		CBB0D491157CBC9A009C5C86 /* en */ = {isa = PBXFileReference; lastKnownFileType = text.plist.strings; name = en; path = en.lproj/InfoPlist.strings; sourceTree = "<group>"; };
		CBB0D493157CBC9A009C5C86 /* main.m */ = {isa = PBXFileReference; lastKnownFileType = sourcecode.c.objc; path = main.m; sourceTree = "<group>"; };
		CBB0D495157CBC9A009C5C86 /* HangMan-Prefix.pch */ = {isa = PBXFileReference; lastKnownFileType = sourcecode.c.h; path = "HangMan-Prefix.pch"; sourceTree = "<group>"; };
		CBB0D496157CBC9A009C5C86 /* HangManAppDelegate.h */ = {isa = PBXFileReference; lastKnownFileType = sourcecode.c.h; path = HangManAppDelegate.h; sourceTree = "<group>"; };
		CBB0D497157CBC9A009C5C86 /* HangManAppDelegate.m */ = {isa = PBXFileReference; lastKnownFileType = sourcecode.c.objc; path = HangManAppDelegate.m; sourceTree = "<group>"; };
		CBB0D49A157CBC9A009C5C86 /* en */ = {isa = PBXFileReference; lastKnownFileType = file.storyboard; name = en; path = en.lproj/MainStoryboard.storyboard; sourceTree = "<group>"; };
		CBB0D49C157CBC9A009C5C86 /* HangManViewController.h */ = {isa = PBXFileReference; lastKnownFileType = sourcecode.c.h; path = HangManViewController.h; sourceTree = "<group>"; };
		CBB0D49D157CBC9A009C5C86 /* HangManViewController.m */ = {isa = PBXFileReference; lastKnownFileType = sourcecode.c.objc; path = HangManViewController.m; sourceTree = "<group>"; };
/* End PBXFileReference section */

/* Begin PBXFrameworksBuildPhase section */
		CBB0D480157CBC9A009C5C86 /* Frameworks */ = {
			isa = PBXFrameworksBuildPhase;
			buildActionMask = 2147483647;
			files = (
				CBB0D488157CBC9A009C5C86 /* UIKit.framework in Frameworks */,
				CBB0D48A157CBC9A009C5C86 /* Foundation.framework in Frameworks */,
				CBB0D48C157CBC9A009C5C86 /* CoreGraphics.framework in Frameworks */,
			);
			runOnlyForDeploymentPostprocessing = 0;
		};
/* End PBXFrameworksBuildPhase section */

/* Begin PBXGroup section */
		CB6B7AF4157D314700509839 /* Resources */ = {
			isa = PBXGroup;
			children = (
				53E62B32160463360008143C /* Icon-Small-50@2x.png */,
				53E62B33160463360008143C /* Icon-Small@2x.png */,
				53E62B34160463360008143C /* Icon-Small.png */,
				53E62B35160463360008143C /* Icon-Small-50.png */,
				53E62B36160463370008143C /* Icon.png */,
				53E62B37160463370008143C /* Icon-72.png */,
				53E62B38160463370008143C /* Icon@2x.png */,
				53E62B39160463370008143C /* Icon-72@2x.png */,
				53E62B2E16045A6D0008143C /* Default.png */,
				53E62B2F16045A6D0008143C /* Default@2x.png */,
				53E62B2A16044E9F0008143C /* winner@2x.png */,
				53E62B2B16044EA00008143C /* winner.png */,
				53E62B26160447070008143C /* redo@2x.png */,
				53E62B27160447070008143C /* redo.png */,
				53E62B051604441A0008143C /* hangman0.png */,
				53E62B061604441A0008143C /* hangman0@2x.png */,
				53E62B071604441A0008143C /* hangman1.png */,
				53E62B081604441A0008143C /* hangman1@2x.png */,
				53E62B091604441A0008143C /* hangman2.png */,
				53E62B0A1604441A0008143C /* hangman2@2x.png */,
				53E62B0B1604441A0008143C /* hangman3.png */,
				53E62B0C1604441B0008143C /* hangman3@2x.png */,
				53E62B0D1604441B0008143C /* hangman4.png */,
				53E62B0E1604441B0008143C /* hangman4@2x.png */,
				53E62B0F1604441B0008143C /* hangman5.png */,
				53E62B101604441B0008143C /* hangman5@2x.png */,
				53E62B111604441B0008143C /* hangman6.png */,
				53E62B121604441B0008143C /* hangman6@2x.png */,
				53E62B131604441B0008143C /* hangman7.png */,
				53E62B141604441B0008143C /* hangman7@2x.png */,
				CB6B7B1C157D4A3B00509839 /* wordlist.json */,
			);
			name = Resources;
			sourceTree = "<group>";
		};
		CBB0D478157CBC99009C5C86 = {
			isa = PBXGroup;
			children = (
				CB6B7AF4157D314700509839 /* Resources */,
				CBB0D48D157CBC9A009C5C86 /* HangMan */,
				CBB0D486157CBC9A009C5C86 /* Frameworks */,
				CBB0D484157CBC9A009C5C86 /* Products */,
			);
			sourceTree = "<group>";
		};
		CBB0D484157CBC9A009C5C86 /* Products */ = {
			isa = PBXGroup;
			children = (
				CBB0D483157CBC9A009C5C86 /* HangMan.app */,
			);
			name = Products;
			sourceTree = "<group>";
		};
		CBB0D486157CBC9A009C5C86 /* Frameworks */ = {
			isa = PBXGroup;
			children = (
				CBB0D487157CBC9A009C5C86 /* UIKit.framework */,
				CBB0D489157CBC9A009C5C86 /* Foundation.framework */,
				CBB0D48B157CBC9A009C5C86 /* CoreGraphics.framework */,
			);
			name = Frameworks;
			sourceTree = "<group>";
		};
		CBB0D48D157CBC9A009C5C86 /* HangMan */ = {
			isa = PBXGroup;
			children = (
				CBB0D496157CBC9A009C5C86 /* HangManAppDelegate.h */,
				CBB0D497157CBC9A009C5C86 /* HangManAppDelegate.m */,
				CBB0D499157CBC9A009C5C86 /* MainStoryboard.storyboard */,
				CBB0D49C157CBC9A009C5C86 /* HangManViewController.h */,
				CBB0D49D157CBC9A009C5C86 /* HangManViewController.m */,
				CBB0D48E157CBC9A009C5C86 /* Supporting Files */,
				CB6B7B13157D339300509839 /* HangManMind.h */,
				CB6B7B14157D339300509839 /* HangManMind.m */,
			);
			path = HangMan;
			sourceTree = "<group>";
		};
		CBB0D48E157CBC9A009C5C86 /* Supporting Files */ = {
			isa = PBXGroup;
			children = (
				CBB0D48F157CBC9A009C5C86 /* HangMan-Info.plist */,
				CBB0D490157CBC9A009C5C86 /* InfoPlist.strings */,
				CBB0D493157CBC9A009C5C86 /* main.m */,
				CBB0D495157CBC9A009C5C86 /* HangMan-Prefix.pch */,
			);
			name = "Supporting Files";
			sourceTree = "<group>";
		};
/* End PBXGroup section */

/* Begin PBXNativeTarget section */
		CBB0D482157CBC9A009C5C86 /* HangMan */ = {
			isa = PBXNativeTarget;
			buildConfigurationList = CBB0D4A1157CBC9A009C5C86 /* Build configuration list for PBXNativeTarget "HangMan" */;
			buildPhases = (
				CBB0D47F157CBC9A009C5C86 /* Sources */,
				CBB0D480157CBC9A009C5C86 /* Frameworks */,
				CBB0D481157CBC9A009C5C86 /* Resources */,
			);
			buildRules = (
			);
			dependencies = (
			);
			name = HangMan;
			productName = HangMan;
			productReference = CBB0D483157CBC9A009C5C86 /* HangMan.app */;
			productType = "com.apple.product-type.application";
		};
/* End PBXNativeTarget section */

/* Begin PBXProject section */
		CBB0D47A157CBC99009C5C86 /* Project object */ = {
			isa = PBXProject;
			attributes = {
				CLASSPREFIX = HangMan;
				LastUpgradeCheck = 0430;
			};
			buildConfigurationList = CBB0D47D157CBC99009C5C86 /* Build configuration list for PBXProject "HangMan" */;
			compatibilityVersion = "Xcode 3.2";
			developmentRegion = English;
			hasScannedForEncodings = 0;
			knownRegions = (
				en,
			);
			mainGroup = CBB0D478157CBC99009C5C86;
			productRefGroup = CBB0D484157CBC9A009C5C86 /* Products */;
			projectDirPath = "";
			projectRoot = "";
			targets = (
				CBB0D482157CBC9A009C5C86 /* HangMan */,
			);
		};
/* End PBXProject section */

/* Begin PBXResourcesBuildPhase section */
		CBB0D481157CBC9A009C5C86 /* Resources */ = {
			isa = PBXResourcesBuildPhase;
			buildActionMask = 2147483647;
			files = (
				CBB0D492157CBC9A009C5C86 /* InfoPlist.strings in Resources */,
				CBB0D49B157CBC9A009C5C86 /* MainStoryboard.storyboard in Resources */,
				CB6B7B1D157D4A3B00509839 /* wordlist.json in Resources */,
				53E62B151604441B0008143C /* hangman0.png in Resources */,
				53E62B161604441B0008143C /* hangman0@2x.png in Resources */,
				53E62B171604441B0008143C /* hangman1.png in Resources */,
				53E62B181604441B0008143C /* hangman1@2x.png in Resources */,
				53E62B191604441B0008143C /* hangman2.png in Resources */,
				53E62B1A1604441B0008143C /* hangman2@2x.png in Resources */,
				53E62B1B1604441B0008143C /* hangman3.png in Resources */,
				53E62B1C1604441B0008143C /* hangman3@2x.png in Resources */,
				53E62B1D1604441B0008143C /* hangman4.png in Resources */,
				53E62B1E1604441B0008143C /* hangman4@2x.png in Resources */,
				53E62B1F1604441B0008143C /* hangman5.png in Resources */,
				53E62B201604441B0008143C /* hangman5@2x.png in Resources */,
				53E62B211604441B0008143C /* hangman6.png in Resources */,
				53E62B221604441B0008143C /* hangman6@2x.png in Resources */,
				53E62B231604441B0008143C /* hangman7.png in Resources */,
				53E62B241604441B0008143C /* hangman7@2x.png in Resources */,
				53E62B28160447070008143C /* redo@2x.png in Resources */,
				53E62B29160447070008143C /* redo.png in Resources */,
				53E62B2C16044EA00008143C /* winner@2x.png in Resources */,
				53E62B2D16044EA00008143C /* winner.png in Resources */,
				53E62B3016045A6D0008143C /* Default.png in Resources */,
				53E62B3116045A6D0008143C /* Default@2x.png in Resources */,
				53E62B3A160463370008143C /* Icon-Small-50@2x.png in Resources */,
				53E62B3B160463370008143C /* Icon-Small@2x.png in Resources */,
				53E62B3C160463370008143C /* Icon-Small.png in Resources */,
				53E62B3D160463370008143C /* Icon-Small-50.png in Resources */,
				53E62B3E160463370008143C /* Icon.png in Resources */,
				53E62B3F160463370008143C /* Icon-72.png in Resources */,
				53E62B40160463370008143C /* Icon@2x.png in Resources */,
				53E62B41160463370008143C /* Icon-72@2x.png in Resources */,
			);
			runOnlyForDeploymentPostprocessing = 0;
		};
/* End PBXResourcesBuildPhase section */

/* Begin PBXSourcesBuildPhase section */
		CBB0D47F157CBC9A009C5C86 /* Sources */ = {
			isa = PBXSourcesBuildPhase;
			buildActionMask = 2147483647;
			files = (
				CBB0D494157CBC9A009C5C86 /* main.m in Sources */,
				CBB0D498157CBC9A009C5C86 /* HangManAppDelegate.m in Sources */,
				CBB0D49E157CBC9A009C5C86 /* HangManViewController.m in Sources */,
				CB6B7B15157D339300509839 /* HangManMind.m in Sources */,
			);
			runOnlyForDeploymentPostprocessing = 0;
		};
/* End PBXSourcesBuildPhase section */

/* Begin PBXVariantGroup section */
		CBB0D490157CBC9A009C5C86 /* InfoPlist.strings */ = {
			isa = PBXVariantGroup;
			children = (
				CBB0D491157CBC9A009C5C86 /* en */,
			);
			name = InfoPlist.strings;
			sourceTree = "<group>";
		};
		CBB0D499157CBC9A009C5C86 /* MainStoryboard.storyboard */ = {
			isa = PBXVariantGroup;
			children = (
				CBB0D49A157CBC9A009C5C86 /* en */,
			);
			name = MainStoryboard.storyboard;
			sourceTree = "<group>";
		};
/* End PBXVariantGroup section */

/* Begin XCBuildConfiguration section */
		CBB0D49F157CBC9A009C5C86 /* Debug */ = {
			isa = XCBuildConfiguration;
			buildSettings = {
				ALWAYS_SEARCH_USER_PATHS = NO;
				ARCHS = "$(ARCHS_STANDARD_32_BIT)";
				CLANG_ENABLE_OBJC_ARC = YES;
				"CODE_SIGN_IDENTITY[sdk=iphoneos*]" = "iPhone Developer";
				COPY_PHASE_STRIP = NO;
				GCC_C_LANGUAGE_STANDARD = gnu99;
				GCC_DYNAMIC_NO_PIC = NO;
				GCC_OPTIMIZATION_LEVEL = 0;
				GCC_PREPROCESSOR_DEFINITIONS = (
					"DEBUG=1",
					"$(inherited)",
				);
				GCC_SYMBOLS_PRIVATE_EXTERN = NO;
				GCC_VERSION = com.apple.compilers.llvm.clang.1_0;
				GCC_WARN_ABOUT_RETURN_TYPE = YES;
				GCC_WARN_UNINITIALIZED_AUTOS = YES;
				GCC_WARN_UNUSED_VARIABLE = YES;
				IPHONEOS_DEPLOYMENT_TARGET = 5.1;
				SDKROOT = iphoneos;
			};
			name = Debug;
		};
		CBB0D4A0157CBC9A009C5C86 /* Release */ = {
			isa = XCBuildConfiguration;
			buildSettings = {
				ALWAYS_SEARCH_USER_PATHS = NO;
				ARCHS = "$(ARCHS_STANDARD_32_BIT)";
				CLANG_ENABLE_OBJC_ARC = YES;
				"CODE_SIGN_IDENTITY[sdk=iphoneos*]" = "iPhone Developer";
				COPY_PHASE_STRIP = YES;
				GCC_C_LANGUAGE_STANDARD = gnu99;
				GCC_VERSION = com.apple.compilers.llvm.clang.1_0;
				GCC_WARN_ABOUT_RETURN_TYPE = YES;
				GCC_WARN_UNINITIALIZED_AUTOS = YES;
				GCC_WARN_UNUSED_VARIABLE = YES;
				IPHONEOS_DEPLOYMENT_TARGET = 5.1;
				OTHER_CFLAGS = "-DNS_BLOCK_ASSERTIONS=1";
				SDKROOT = iphoneos;
				VALIDATE_PRODUCT = YES;
			};
			name = Release;
		};
		CBB0D4A2157CBC9A009C5C86 /* Debug */ = {
			isa = XCBuildConfiguration;
			buildSettings = {
				GCC_PRECOMPILE_PREFIX_HEADER = YES;
				GCC_PREFIX_HEADER = "HangMan/HangMan-Prefix.pch";
				INFOPLIST_FILE = "HangMan/HangMan-Info.plist";
				PRODUCT_NAME = "$(TARGET_NAME)";
				WRAPPER_EXTENSION = app;
			};
			name = Debug;
		};
		CBB0D4A3157CBC9A009C5C86 /* Release */ = {
			isa = XCBuildConfiguration;
			buildSettings = {
				GCC_PRECOMPILE_PREFIX_HEADER = YES;
				GCC_PREFIX_HEADER = "HangMan/HangMan-Prefix.pch";
				INFOPLIST_FILE = "HangMan/HangMan-Info.plist";
				PRODUCT_NAME = "$(TARGET_NAME)";
				WRAPPER_EXTENSION = app;
			};
			name = Release;
		};
/* End XCBuildConfiguration section */

/* Begin XCConfigurationList section */
		CBB0D47D157CBC99009C5C86 /* Build configuration list for PBXProject "HangMan" */ = {
			isa = XCConfigurationList;
			buildConfigurations = (
				CBB0D49F157CBC9A009C5C86 /* Debug */,
				CBB0D4A0157CBC9A009C5C86 /* Release */,
			);
			defaultConfigurationIsVisible = 0;
			defaultConfigurationName = Release;
		};
		CBB0D4A1157CBC9A009C5C86 /* Build configuration list for PBXNativeTarget "HangMan" */ = {
			isa = XCConfigurationList;
			buildConfigurations = (
				CBB0D4A2157CBC9A009C5C86 /* Debug */,
				CBB0D4A3157CBC9A009C5C86 /* Release */,
			);
			defaultConfigurationIsVisible = 0;
			defaultConfigurationName = Release;
		};
/* End XCConfigurationList section */
	};
	rootObject = CBB0D47A157CBC99009C5C86 /* Project object */;
}
